
Microsoft Visual Studio Solution File, Format Version 12.00
# Visual Studio Version 17
VisualStudioVersion = 17.7.34024.191
MinimumVisualStudioVersion = 10.0.40219.1
Project("{FAE04EC0-301F-11D3-BF4B-00C04F79EFBC}") = "WebAPI", "WebAPI\WebAPI.csproj", "{285AC373-4979-40D1-ADDE-3AA072C70E0C}"
EndProject
Project("{FAE04EC0-301F-11D3-BF4B-00C04F79EFBC}") = "Infrastructure", "Infrastructure\Infrastructure.csproj", "{09DF6519-04B9-4ED8-B6F0-7119AA35513E}"
EndProject
Project("{FAE04EC0-301F-11D3-BF4B-00C04F79EFBC}") = "Core", "Core\Core.csproj", "{50A6A067-EF1C-4856-9D46-0E9FFF9F7E38}"
EndProject
Global
	GlobalSection(SolutionConfigurationPlatforms) = preSolution
		Debug|Any CPU = Debug|Any CPU
		Debug|x64 = Debug|x64
		Debug|x86 = Debug|x86
		Release|Any CPU = Release|Any CPU
		Release|x64 = Release|x64
		Release|x86 = Release|x86
	EndGlobalSection
	GlobalSection(ProjectConfigurationPlatforms) = postSolution
		{285AC373-4979-40D1-ADDE-3AA072C70E0C}.Debug|Any CPU.ActiveCfg = Debug|Any CPU
		{285AC373-4979-40D1-ADDE-3AA072C70E0C}.Debug|Any CPU.Build.0 = Debug|Any CPU
		{285AC373-4979-40D1-ADDE-3AA072C70E0C}.Debug|x64.ActiveCfg = Debug|Any CPU
		{285AC373-4979-40D1-ADDE-3AA072C70E0C}.Debug|x64.Build.0 = Debug|Any CPU
		{285AC373-4979-40D1-ADDE-3AA072C70E0C}.Debug|x86.ActiveCfg = Debug|Any CPU
		{285AC373-4979-40D1-ADDE-3AA072C70E0C}.Debug|x86.Build.0 = Debug|Any CPU
		{285AC373-4979-40D1-ADDE-3AA072C70E0C}.Release|Any CPU.ActiveCfg = Release|Any CPU
		{285AC373-4979-40D1-ADDE-3AA072C70E0C}.Release|Any CPU.Build.0 = Release|Any CPU
		{285AC373-4979-40D1-ADDE-3AA072C70E0C}.Release|x64.ActiveCfg = Release|Any CPU
		{285AC373-4979-40D1-ADDE-3AA072C70E0C}.Release|x64.Build.0 = Release|Any CPU
		{285AC373-4979-40D1-ADDE-3AA072C70E0C}.Release|x86.ActiveCfg = Release|Any CPU
		{285AC373-4979-40D1-ADDE-3AA072C70E0C}.Release|x86.Build.0 = Release|Any CPU
		{09DF6519-04B9-4ED8-B6F0-7119AA35513E}.Debug|Any CPU.ActiveCfg = Debug|Any CPU
		{09DF6519-04B9-4ED8-B6F0-7119AA35513E}.Debug|Any CPU.Build.0 = Debug|Any CPU
		{09DF6519-04B9-4ED8-B6F0-7119AA35513E}.Debug|x64.ActiveCfg = Debug|Any CPU
		{09DF6519-04B9-4ED8-B6F0-7119AA35513E}.Debug|x64.Build.0 = Debug|Any CPU
		{09DF6519-04B9-4ED8-B6F0-7119AA35513E}.Debug|x86.ActiveCfg = Debug|Any CPU
		{09DF6519-04B9-4ED8-B6F0-7119AA35513E}.Debug|x86.Build.0 = Debug|Any CPU
		{09DF6519-04B9-4ED8-B6F0-7119AA35513E}.Release|Any CPU.ActiveCfg = Release|Any CPU
		{09DF6519-04B9-4ED8-B6F0-7119AA35513E}.Release|Any CPU.Build.0 = Release|Any CPU
		{09DF6519-04B9-4ED8-B6F0-7119AA35513E}.Release|x64.ActiveCfg = Release|Any CPU
		{09DF6519-04B9-4ED8-B6F0-7119AA35513E}.Release|x64.Build.0 = Release|Any CPU
		{09DF6519-04B9-4ED8-B6F0-7119AA35513E}.Release|x86.ActiveCfg = Release|Any CPU
		{09DF6519-04B9-4ED8-B6F0-7119AA35513E}.Release|x86.Build.0 = Release|Any CPU
		{50A6A067-EF1C-4856-9D46-0E9FFF9F7E38}.Debug|Any CPU.ActiveCfg = Debug|Any CPU
		{50A6A067-EF1C-4856-9D46-0E9FFF9F7E38}.Debug|Any CPU.Build.0 = Debug|Any CPU
		{50A6A067-EF1C-4856-9D46-0E9FFF9F7E38}.Debug|x64.ActiveCfg = Debug|Any CPU
		{50A6A067-EF1C-4856-9D46-0E9FFF9F7E38}.Debug|x64.Build.0 = Debug|Any CPU
		{50A6A067-EF1C-4856-9D46-0E9FFF9F7E38}.Debug|x86.ActiveCfg = Debug|Any CPU
		{50A6A067-EF1C-4856-9D46-0E9FFF9F7E38}.Debug|x86.Build.0 = Debug|Any CPU
		{50A6A067-EF1C-4856-9D46-0E9FFF9F7E38}.Release|Any CPU.ActiveCfg = Release|Any CPU
		{50A6A067-EF1C-4856-9D46-0E9FFF9F7E38}.Release|Any CPU.Build.0 = Release|Any CPU
		{50A6A067-EF1C-4856-9D46-0E9FFF9F7E38}.Release|x64.ActiveCfg = Release|Any CPU
		{50A6A067-EF1C-4856-9D46-0E9FFF9F7E38}.Release|x64.Build.0 = Release|Any CPU
		{50A6A067-EF1C-4856-9D46-0E9FFF9F7E38}.Release|x86.ActiveCfg = Release|Any CPU
		{50A6A067-EF1C-4856-9D46-0E9FFF9F7E38}.Release|x86.Build.0 = Release|Any CPU
	EndGlobalSection
	GlobalSection(SolutionProperties) = preSolution
		HideSolutionNode = FALSE
	EndGlobalSection
	GlobalSection(ExtensibilityGlobals) = postSolution
		SolutionGuid = {B08862FD-0F9E-4F85-8851-DC0A39D9F93C}
	EndGlobalSection
EndGlobal
